
Microsoft Visual Studio Solution File, Format Version 12.00
# Visual Studio 15
VisualStudioVersion = 15.0.27428.2002
MinimumVisualStudioVersion = 10.0.40219.1
Project("{FAE04EC0-301F-11D3-BF4B-00C04F79EFBC}") = "Basics", "Basics\Basics.csproj", "{B347147C-8B91-48C5-803D-5181E3990440}"
EndProject
Global
	GlobalSection(SolutionConfigurationPlatforms) = preSolution
		Debug|Any CPU = Debug|Any CPU
		Release|Any CPU = Release|Any CPU
	EndGlobalSection
	GlobalSection(ProjectConfigurationPlatforms) = postSolution
		{B347147C-8B91-48C5-803D-5181E3990440}.Debug|Any CPU.ActiveCfg = Debug|Any CPU
		{B347147C-8B91-48C5-803D-5181E3990440}.Debug|Any CPU.Build.0 = Debug|Any CPU
		{B347147C-8B91-48C5-803D-5181E3990440}.Release|Any CPU.ActiveCfg = Release|Any CPU
		{B347147C-8B91-48C5-803D-5181E3990440}.Release|Any CPU.Build.0 = Release|Any CPU
	EndGlobalSection
	GlobalSection(SolutionProperties) = preSolution
		HideSolutionNode = FALSE
	EndGlobalSection
	GlobalSection(ExtensibilityGlobals) = postSolution
		SolutionGuid = {305C1147-1AFF-41D1-9A62-D72678FC1050}
	EndGlobalSection
EndGlobal
